{
  "nodes": {
    "flake-utils": {
      "locked": {
        "lastModified": 1642700792,
        "narHash": "sha256-XqHrk7hFb+zBvRg6Ghl+AZDq03ov6OshJLiSWOoX5es=",
        "owner": "numtide",
        "repo": "flake-utils",
        "rev": "846b2ae0fc4cc943637d3d1def4454213e203cba",
        "type": "github"
      },
      "original": {
        "owner": "numtide",
        "repo": "flake-utils",
        "type": "github"
      }
    },
    "mach-nix": {
      "inputs": {
        "flake-utils": "flake-utils",
        "nixpkgs": "nixpkgs",
        "pypi-deps-db": "pypi-deps-db"
      },
      "locked": {
        "lastModified": 1715262043,
        "narHash": "sha256-gY8XkqNI21+Jkko6HigBv54s8od/SdyiSugM1yq/XII=",
        "owner": "DavHau",
        "repo": "mach-nix",
        "rev": "c409df5347ef23f0bcba0aefc9a6345ef17b3441",
        "type": "github"
      },
      "original": {
        "owner": "DavHau",
        "repo": "mach-nix",
        "type": "github"
      }
    },
    "nixpkgs": {
      "locked": {
        "lastModified": 1643805626,
        "narHash": "sha256-AXLDVMG+UaAGsGSpOtQHPIKB+IZ0KSd9WS77aanGzgc=",
        "owner": "NixOS",
        "repo": "nixpkgs",
        "rev": "554d2d8aa25b6e583575459c297ec23750adb6cb",
        "type": "github"
      },
      "original": {
        "id": "nixpkgs",
        "ref": "nixos-unstable",
        "type": "indirect"
      }
    },
    "nixpkgs_2": {
      "locked": {
        "lastModified": 1729413321,
        "narHash": "sha256-I4tuhRpZFa6Fu6dcH9Dlo5LlH17peT79vx1y1SpeKt0=",
        "owner": "NixOS",
        "repo": "nixpkgs",
        "rev": "1997e4aa514312c1af7e2bda7fad1644e778ff26",
        "type": "github"
      },
      "original": {
        "owner": "NixOS",
        "ref": "nixos-unstable",
        "repo": "nixpkgs",
        "type": "github"
      }
    },
    "pypi-deps-db": {
      "flake": false,
      "locked": {
        "lastModified": 1685526402,
        "narHash": "sha256-V0SXx0dWlUBL3E/wHWTszrkK2dOnuYYnBc7n6e0+NQU=",
        "owner": "DavHau",
        "repo": "pypi-deps-db",
        "rev": "ba35683c35218acb5258b69a9916994979dc73a9",
        "type": "github"
      },
      "original": {
        "owner": "DavHau",
        "repo": "pypi-deps-db",
        "type": "github"
      }
    },
    "root": {
      "inputs": {
        "mach-nix": "mach-nix",
        "nixpkgs": "nixpkgs_2"
      }
    }
  },
  "root": "root",
  "version": 7
}
